
Microsoft Visual Studio Solution File, Format Version 12.00
# Visual Studio Version 16
VisualStudioVersion = 16.0.808.4
MinimumVisualStudioVersion = 10.0.40219.1
Project("{FAE04EC0-301F-11D3-BF4B-00C04F79EFBC}") = "PickEmLeagueWebUI", "PickEmLeagueWebUI\PickEmLeagueWebUI.csproj", "{094058BF-AEF0-4AA2-BF99-B8A8D485E3E4}"
EndProject
Project("{FAE04EC0-301F-11D3-BF4B-00C04F79EFBC}") = "PickEmLeagueServerTests", "PickEmLeagueServerTests\PickEmLeagueServerTests.csproj", "{BD7E8E44-C63C-4799-9E2C-4B8C835953C7}"
EndProject
Project("{FAE04EC0-301F-11D3-BF4B-00C04F79EFBC}") = "PickEmLeagueDatabase", "PickEmLeagueDatabase\PickEmLeagueDatabase.csproj", "{8C641AC7-85BD-4C17-995B-8DC99AB2A5DB}"
EndProject
Project("{FAE04EC0-301F-11D3-BF4B-00C04F79EFBC}") = "PickEmLeagueServices", "PickEmLeagueServices\PickEmLeagueServices.csproj", "{61B9F593-A037-473F-A448-5BCE8A968B98}"
EndProject
Project("{FAE04EC0-301F-11D3-BF4B-00C04F79EFBC}") = "PickEmLeagueDomain", "PickEmLeagueDomain\PickEmLeagueDomain.csproj", "{5E14A84F-A32A-4FC8-9E62-5AABD1A4A345}"
EndProject
Project("{2150E333-8FDC-42A3-9474-1A3956D46DE8}") = "Tests", "Tests", "{59C2B461-BF58-4219-9F5A-1B422D8783C6}"
EndProject
Project("{2150E333-8FDC-42A3-9474-1A3956D46DE8}") = "Server", "Server", "{0824C971-5589-47D3-B1B5-CB9DD30B787D}"
EndProject
Project("{2150E333-8FDC-42A3-9474-1A3956D46DE8}") = "Client", "Client", "{8A951891-85C7-4192-A565-8197535D17C3}"
EndProject
Project("{FAE04EC0-301F-11D3-BF4B-00C04F79EFBC}") = "PickEmLeagueUtils", "PickEmLeagueUtils\PickEmLeagueUtils.csproj", "{345EB3A2-5969-41C5-AEC5-ECACAE2E8483}"
EndProject
Project("{FAE04EC0-301F-11D3-BF4B-00C04F79EFBC}") = "PickEmLeagueIOC", "PickEmLeagueIOC\PickEmLeagueIOC.csproj", "{4FF44F59-586B-4B50-A6CB-FC9423F0F5B4}"
EndProject
Project("{FAE04EC0-301F-11D3-BF4B-00C04F79EFBC}") = "PickEmLeague.Global.StaticData", "PickEmLeague.Global.StaticData\PickEmLeague.Global.StaticData.csproj", "{EA747F1C-1693-4914-9374-95D17288FD40}"
EndProject
Project("{FAE04EC0-301F-11D3-BF4B-00C04F79EFBC}") = "PickEmLeague.Global.Shared", "PickEmLeague.Global.Shared\PickEmLeague.Global.Shared.csproj", "{BE0D64BF-49D1-43E0-973B-1CA4715720F3}"
EndProject
Project("{FAE04EC0-301F-11D3-BF4B-00C04F79EFBC}") = "PickEmLeagueAPI", "PickEmLeagueAPI\PickEmLeagueAPI.csproj", "{AC8956D1-DC71-4827-816A-A92170278376}"
EndProject
Project("{E53339B2-1760-4266-BCC7-CA923CBCF16C}") = "docker-compose", "docker-compose.dcproj", "{A4D972DF-A397-4D5C-8593-35D951FEB9F1}"
EndProject
Global
	GlobalSection(SolutionConfigurationPlatforms) = preSolution
		Debug|Any CPU = Debug|Any CPU
		Release|Any CPU = Release|Any CPU
	EndGlobalSection
	GlobalSection(ProjectConfigurationPlatforms) = postSolution
		{094058BF-AEF0-4AA2-BF99-B8A8D485E3E4}.Debug|Any CPU.ActiveCfg = Debug|Any CPU
		{094058BF-AEF0-4AA2-BF99-B8A8D485E3E4}.Debug|Any CPU.Build.0 = Debug|Any CPU
		{094058BF-AEF0-4AA2-BF99-B8A8D485E3E4}.Release|Any CPU.ActiveCfg = Release|Any CPU
		{094058BF-AEF0-4AA2-BF99-B8A8D485E3E4}.Release|Any CPU.Build.0 = Release|Any CPU
		{BD7E8E44-C63C-4799-9E2C-4B8C835953C7}.Debug|Any CPU.ActiveCfg = Debug|Any CPU
		{BD7E8E44-C63C-4799-9E2C-4B8C835953C7}.Debug|Any CPU.Build.0 = Debug|Any CPU
		{BD7E8E44-C63C-4799-9E2C-4B8C835953C7}.Release|Any CPU.ActiveCfg = Release|Any CPU
		{BD7E8E44-C63C-4799-9E2C-4B8C835953C7}.Release|Any CPU.Build.0 = Release|Any CPU
		{8C641AC7-85BD-4C17-995B-8DC99AB2A5DB}.Debug|Any CPU.ActiveCfg = Debug|Any CPU
		{8C641AC7-85BD-4C17-995B-8DC99AB2A5DB}.Debug|Any CPU.Build.0 = Debug|Any CPU
		{8C641AC7-85BD-4C17-995B-8DC99AB2A5DB}.Release|Any CPU.ActiveCfg = Release|Any CPU
		{8C641AC7-85BD-4C17-995B-8DC99AB2A5DB}.Release|Any CPU.Build.0 = Release|Any CPU
		{61B9F593-A037-473F-A448-5BCE8A968B98}.Debug|Any CPU.ActiveCfg = Debug|Any CPU
		{61B9F593-A037-473F-A448-5BCE8A968B98}.Debug|Any CPU.Build.0 = Debug|Any CPU
		{61B9F593-A037-473F-A448-5BCE8A968B98}.Release|Any CPU.ActiveCfg = Release|Any CPU
		{61B9F593-A037-473F-A448-5BCE8A968B98}.Release|Any CPU.Build.0 = Release|Any CPU
		{5E14A84F-A32A-4FC8-9E62-5AABD1A4A345}.Debug|Any CPU.ActiveCfg = Debug|Any CPU
		{5E14A84F-A32A-4FC8-9E62-5AABD1A4A345}.Debug|Any CPU.Build.0 = Debug|Any CPU
		{5E14A84F-A32A-4FC8-9E62-5AABD1A4A345}.Release|Any CPU.ActiveCfg = Release|Any CPU
		{5E14A84F-A32A-4FC8-9E62-5AABD1A4A345}.Release|Any CPU.Build.0 = Release|Any CPU
		{345EB3A2-5969-41C5-AEC5-ECACAE2E8483}.Debug|Any CPU.ActiveCfg = Debug|Any CPU
		{345EB3A2-5969-41C5-AEC5-ECACAE2E8483}.Debug|Any CPU.Build.0 = Debug|Any CPU
		{345EB3A2-5969-41C5-AEC5-ECACAE2E8483}.Release|Any CPU.ActiveCfg = Release|Any CPU
		{345EB3A2-5969-41C5-AEC5-ECACAE2E8483}.Release|Any CPU.Build.0 = Release|Any CPU
		{4FF44F59-586B-4B50-A6CB-FC9423F0F5B4}.Debug|Any CPU.ActiveCfg = Debug|Any CPU
		{4FF44F59-586B-4B50-A6CB-FC9423F0F5B4}.Debug|Any CPU.Build.0 = Debug|Any CPU
		{4FF44F59-586B-4B50-A6CB-FC9423F0F5B4}.Release|Any CPU.ActiveCfg = Release|Any CPU
		{4FF44F59-586B-4B50-A6CB-FC9423F0F5B4}.Release|Any CPU.Build.0 = Release|Any CPU
		{EA747F1C-1693-4914-9374-95D17288FD40}.Debug|Any CPU.ActiveCfg = Debug|Any CPU
		{EA747F1C-1693-4914-9374-95D17288FD40}.Debug|Any CPU.Build.0 = Debug|Any CPU
		{EA747F1C-1693-4914-9374-95D17288FD40}.Release|Any CPU.ActiveCfg = Release|Any CPU
		{EA747F1C-1693-4914-9374-95D17288FD40}.Release|Any CPU.Build.0 = Release|Any CPU
		{BE0D64BF-49D1-43E0-973B-1CA4715720F3}.Debug|Any CPU.ActiveCfg = Debug|Any CPU
		{BE0D64BF-49D1-43E0-973B-1CA4715720F3}.Debug|Any CPU.Build.0 = Debug|Any CPU
		{BE0D64BF-49D1-43E0-973B-1CA4715720F3}.Release|Any CPU.ActiveCfg = Release|Any CPU
		{BE0D64BF-49D1-43E0-973B-1CA4715720F3}.Release|Any CPU.Build.0 = Release|Any CPU
		{AC8956D1-DC71-4827-816A-A92170278376}.Debug|Any CPU.ActiveCfg = Debug|Any CPU
		{AC8956D1-DC71-4827-816A-A92170278376}.Debug|Any CPU.Build.0 = Debug|Any CPU
		{AC8956D1-DC71-4827-816A-A92170278376}.Release|Any CPU.ActiveCfg = Release|Any CPU
		{AC8956D1-DC71-4827-816A-A92170278376}.Release|Any CPU.Build.0 = Release|Any CPU
		{A4D972DF-A397-4D5C-8593-35D951FEB9F1}.Debug|Any CPU.ActiveCfg = Debug|Any CPU
		{A4D972DF-A397-4D5C-8593-35D951FEB9F1}.Debug|Any CPU.Build.0 = Debug|Any CPU
		{A4D972DF-A397-4D5C-8593-35D951FEB9F1}.Release|Any CPU.ActiveCfg = Release|Any CPU
		{A4D972DF-A397-4D5C-8593-35D951FEB9F1}.Release|Any CPU.Build.0 = Release|Any CPU
	EndGlobalSection
	GlobalSection(SolutionProperties) = preSolution
		HideSolutionNode = FALSE
	EndGlobalSection
	GlobalSection(ExtensibilityGlobals) = postSolution
		SolutionGuid = {3A8C1FC1-CD1A-4CC3-8C64-6080956084A9}
	EndGlobalSection
	GlobalSection(NestedProjects) = preSolution
		{BD7E8E44-C63C-4799-9E2C-4B8C835953C7} = {59C2B461-BF58-4219-9F5A-1B422D8783C6}
		{094058BF-AEF0-4AA2-BF99-B8A8D485E3E4} = {8A951891-85C7-4192-A565-8197535D17C3}
		{8C641AC7-85BD-4C17-995B-8DC99AB2A5DB} = {0824C971-5589-47D3-B1B5-CB9DD30B787D}
		{5E14A84F-A32A-4FC8-9E62-5AABD1A4A345} = {0824C971-5589-47D3-B1B5-CB9DD30B787D}
		{61B9F593-A037-473F-A448-5BCE8A968B98} = {0824C971-5589-47D3-B1B5-CB9DD30B787D}
		{345EB3A2-5969-41C5-AEC5-ECACAE2E8483} = {0824C971-5589-47D3-B1B5-CB9DD30B787D}
		{4FF44F59-586B-4B50-A6CB-FC9423F0F5B4} = {0824C971-5589-47D3-B1B5-CB9DD30B787D}
		{EA747F1C-1693-4914-9374-95D17288FD40} = {0824C971-5589-47D3-B1B5-CB9DD30B787D}
		{BE0D64BF-49D1-43E0-973B-1CA4715720F3} = {0824C971-5589-47D3-B1B5-CB9DD30B787D}
		{AC8956D1-DC71-4827-816A-A92170278376} = {0824C971-5589-47D3-B1B5-CB9DD30B787D}
	EndGlobalSection
EndGlobal
